
Microsoft Visual Studio Solution File, Format Version 12.00
# Visual Studio 15
VisualStudioVersion = 15.0.28307.572
MinimumVisualStudioVersion = 10.0.40219.1
Project("{FAE04EC0-301F-11D3-BF4B-00C04F79EFBC}") = "TinyTeenyRougelike", "TinyTeenyRougelike\TinyTeenyRougelike.csproj", "{4C6AE0B6-899D-47A8-BE8D-3CA29C175021}"
EndProject
Global
	GlobalSection(SolutionConfigurationPlatforms) = preSolution
		Debug|Any CPU = Debug|Any CPU
		Release|Any CPU = Release|Any CPU
	EndGlobalSection
	GlobalSection(ProjectConfigurationPlatforms) = postSolution
		{4C6AE0B6-899D-47A8-BE8D-3CA29C175021}.Debug|Any CPU.ActiveCfg = Debug|Any CPU
		{4C6AE0B6-899D-47A8-BE8D-3CA29C175021}.Debug|Any CPU.Build.0 = Debug|Any CPU
		{4C6AE0B6-899D-47A8-BE8D-3CA29C175021}.Release|Any CPU.ActiveCfg = Release|Any CPU
		{4C6AE0B6-899D-47A8-BE8D-3CA29C175021}.Release|Any CPU.Build.0 = Release|Any CPU
	EndGlobalSection
	GlobalSection(SolutionProperties) = preSolution
		HideSolutionNode = FALSE
	EndGlobalSection
	GlobalSection(ExtensibilityGlobals) = postSolution
		SolutionGuid = {F1D0AA48-1462-4839-8959-2E2D2D6163AD}
	EndGlobalSection
EndGlobal
